
Microsoft Visual Studio Solution File, Format Version 12.00
# Visual Studio Version 17
VisualStudioVersion = 17.5.002.0
MinimumVisualStudioVersion = 10.0.40219.1
Project("{2150E333-8FDC-42A3-9474-1A3956D46DE8}") = "src", "src", "{35160F28-FFFA-42FF-A7EE-B6ED0DD04466}"
EndProject
Project("{9A19103F-16F7-4668-BE54-9A1E7A4F7556}") = "Play.Inventory.Service", "src\Play.Inventory.Service\Play.Inventory.Service.csproj", "{82802CB4-CBBF-471E-8FAC-7AEED2C90263}"
EndProject
Global
	GlobalSection(SolutionConfigurationPlatforms) = preSolution
		Debug|Any CPU = Debug|Any CPU
		Release|Any CPU = Release|Any CPU
	EndGlobalSection
	GlobalSection(ProjectConfigurationPlatforms) = postSolution
		{82802CB4-CBBF-471E-8FAC-7AEED2C90263}.Debug|Any CPU.ActiveCfg = Debug|Any CPU
		{82802CB4-CBBF-471E-8FAC-7AEED2C90263}.Debug|Any CPU.Build.0 = Debug|Any CPU
		{82802CB4-CBBF-471E-8FAC-7AEED2C90263}.Release|Any CPU.ActiveCfg = Release|Any CPU
		{82802CB4-CBBF-471E-8FAC-7AEED2C90263}.Release|Any CPU.Build.0 = Release|Any CPU
	EndGlobalSection
	GlobalSection(SolutionProperties) = preSolution
		HideSolutionNode = FALSE
	EndGlobalSection
	GlobalSection(NestedProjects) = preSolution
		{82802CB4-CBBF-471E-8FAC-7AEED2C90263} = {35160F28-FFFA-42FF-A7EE-B6ED0DD04466}
	EndGlobalSection
	GlobalSection(ExtensibilityGlobals) = postSolution
		SolutionGuid = {3A24A060-6734-419A-9182-9C50D4FB09A7}
	EndGlobalSection
EndGlobal
